{
  "pins" : [
    {
      "identity" : "charts",
      "kind" : "remoteSourceControl",
      "location" : "https://github.com/danielgindi/Charts.git",
      "state" : {
        "revision" : "66546404a6739173b8e436ab6bc1f2897cd08594",
        "version" : "3.6.0"
      }
    },
    {
      "identity" : "launchatlogin",
      "kind" : "remoteSourceControl",
      "location" : "https://github.com/sindresorhus/LaunchAtLogin",
      "state" : {
        "branch" : "main",
        "revision" : "e8171b3e38a2816f579f58f3dac1522aa39efe41"
      }
    },
    {
      "identity" : "swiftdate",
      "kind" : "remoteSourceControl",
      "location" : "https://github.com/malcommac/SwiftDate",
      "state" : {
        "branch" : "master",
        "revision" : "6190d0cefff3013e77ed567e6b074f324e5c5bf5"
      }
    }
  ],
  "version" : 2
}
